Microsoft Visual Studio Solution File, Format Version 11.00
# Visual Studio 2008

Project("{17AF6B8E-FB77-12D8-C056-FA89EC8AF709}") = "Unity_Test", "Assembly-CSharp-firstpass.csproj", "{135FC74D-1D08-7E89-DBDF-DA3D5F96DB62}"
EndProject
Project("{17AF6B8E-FB77-12D8-C056-FA89EC8AF709}") = "Unity_Test", "Assembly-UnityScript-firstpass.unityproj", "{6CCBB1F7-4DC1-0C7F-3A4F-5D4CD8407581}"
EndProject
Project("{17AF6B8E-FB77-12D8-C056-FA89EC8AF709}") = "Unity_Test", "Assembly-UnityScript.unityproj", "{F6A4217B-217D-856B-B31B-74DD4407E0C4}"
EndProject
Global
	GlobalSection(SolutionConfigurationPlatforms) = preSolution
		Debug|Any CPU = Debug|Any CPU
		Release|Any CPU = Release|Any CPU
	EndGlobalSection
	GlobalSection(ProjectConfigurationPlatforms) = postSolution
		{135FC74D-1D08-7E89-DBDF-DA3D5F96DB62}.Debug|Any CPU.ActiveCfg = Debug|Any CPU
		{135FC74D-1D08-7E89-DBDF-DA3D5F96DB62}.Debug|Any CPU.Build.0 = Debug|Any CPU
		{135FC74D-1D08-7E89-DBDF-DA3D5F96DB62}.Release|Any CPU.ActiveCfg = Release|Any CPU
		{135FC74D-1D08-7E89-DBDF-DA3D5F96DB62}.Release|Any CPU.Build.0 = Release|Any CPU
		{6CCBB1F7-4DC1-0C7F-3A4F-5D4CD8407581}.Debug|Any CPU.ActiveCfg = Debug|Any CPU
		{6CCBB1F7-4DC1-0C7F-3A4F-5D4CD8407581}.Debug|Any CPU.Build.0 = Debug|Any CPU
		{6CCBB1F7-4DC1-0C7F-3A4F-5D4CD8407581}.Release|Any CPU.ActiveCfg = Release|Any CPU
		{6CCBB1F7-4DC1-0C7F-3A4F-5D4CD8407581}.Release|Any CPU.Build.0 = Release|Any CPU
		{F6A4217B-217D-856B-B31B-74DD4407E0C4}.Debug|Any CPU.ActiveCfg = Debug|Any CPU
		{F6A4217B-217D-856B-B31B-74DD4407E0C4}.Debug|Any CPU.Build.0 = Debug|Any CPU
		{F6A4217B-217D-856B-B31B-74DD4407E0C4}.Release|Any CPU.ActiveCfg = Release|Any CPU
		{F6A4217B-217D-856B-B31B-74DD4407E0C4}.Release|Any CPU.Build.0 = Release|Any CPU
	EndGlobalSection
	GlobalSection(SolutionProperties) = preSolution
		HideSolutionNode = FALSE
	EndGlobalSection
																																																			GlobalSection(MonoDevelopProperties) = preSolution
		StartupItem = Assembly-CSharp.csproj
		Policies = $0
		$0.TextStylePolicy = $1
		$1.inheritsSet = null
		$1.scope = text/x-csharp
		$0.CSharpFormattingPolicy = $2
		$2.inheritsSet = Mono
		$2.inheritsScope = text/x-csharp
		$2.scope = text/x-csharp
		$0.TextStylePolicy = $3
		$3.FileWidth = 120
		$3.TabWidth = 4
		$3.IndentWidth = 4
		$3.EolMarker = Unix
		$3.inheritsSet = Mono
		$3.inheritsScope = text/plain
		$3.scope = text/plain
	EndGlobalSection

EndGlobal
